PODS:
  - Flutter (1.0.0)
  - ios_bt_classic (0.0.1):
    - Flutter

DEPENDENCIES:
  - Flutter (from `Flutter`)
  - ios_bt_classic (from `.symlinks/plugins/ios_bt_classic/ios`)

EXTERNAL SOURCES:
  Flutter:
    :path: Flutter
  ios_bt_classic:
    :path: ".symlinks/plugins/ios_bt_classic/ios"

SPEC CHECKSUMS:
  Flutter: f04841e97a9d0b0a8025694d0796dd46242b2854
  ios_bt_classic: 9d368209f16b2ad77d442599bb4a0585e4f665ca

PODFILE CHECKSUM: ef19549a9bc3046e7bb7d2fab4d021637c0c58a3

COCOAPODS: 1.12.0
